// !$*UTF8*$!
{
	archiveVersion = 1;
	classes = {
	};
	objectVersion = 54;
	objects = {

/* Begin PBXBuildFile section */
		3232610B1B6AD23E0008EC29 /* LaunchScreen.storyboard in Resources */ = {isa = PBXBuildFile; fileRef = 3232610A1B6AD23E0008EC29 /* LaunchScreen.storyboard */; };
		3232610D1B6AD25F0008EC29 /* AppDelegate.swift in Sources */ = {isa = PBXBuildFile; fileRef = 3232610C1B6AD25F0008EC29 /* AppDelegate.swift */; };
		3232610F1B6AD2970008EC29 /* ViewController.swift in Sources */ = {isa = PBXBuildFile; fileRef = 3232610E1B6AD2970008EC29 /* ViewController.swift */; };
		3276A7D0197A040B00568EFF /* CustomAlertViewController.swift in Sources */ = {isa = PBXBuildFile; fileRef = 3276A7CF197A040B00568EFF /* CustomAlertViewController.swift */; };
		3276A7D2197A066200568EFF /* CustomAlertViewTransitioner.swift in Sources */ = {isa = PBXBuildFile; fileRef = 3276A7D1197A066200568EFF /* CustomAlertViewTransitioner.swift */; };
		32CCF134187DCEA4009ED52A /* Main.storyboard in Resources */ = {isa = PBXBuildFile; fileRef = 32CCF132187DCEA4009ED52A /* Main.storyboard */; };
		32CCF139187DCEA4009ED52A /* Assets.xcassets in Resources */ = {isa = PBXBuildFile; fileRef = 32CCF138187DCEA4009ED52A /* Assets.xcassets */; };
		32CCF156187DCF0E009ED52A /* smileybignew.png in Resources */ = {isa = PBXBuildFile; fileRef = 32CCF155187DCF0E009ED52A /* smileybignew.png */; };
		32CCF15B187DCFA6009ED52A /* CustomAlertViewController.xib in Resources */ = {isa = PBXBuildFile; fileRef = 32CCF159187DCFA6009ED52A /* CustomAlertViewController.xib */; };
		3F59C0A52EE8F6CF0056C273 /* SceneDelegate.swift in Sources */ = {isa = PBXBuildFile; fileRef = 3F59C0A42EE8F6CB0056C273 /* SceneDelegate.swift */; };
/* End PBXBuildFile section */

/* Begin PBXFileReference section */
		3232610A1B6AD23E0008EC29 /* LaunchScreen.storyboard */ = {isa = PBXFileReference; fileEncoding = 4; lastKnownFileType = file.storyboard; path = LaunchScreen.storyboard; sourceTree = "<group>"; };
		3232610C1B6AD25F0008EC29 /* AppDelegate.swift */ = {isa = PBXFileReference; fileEncoding = 4; lastKnownFileType = sourcecode.swift; path = AppDelegate.swift; sourceTree = "<group>"; };
		3232610E1B6AD2970008EC29 /* ViewController.swift */ = {isa = PBXFileReference; fileEncoding = 4; lastKnownFileType = sourcecode.swift; path = ViewController.swift; sourceTree = "<group>"; };
		3276A7CF197A040B00568EFF /* CustomAlertViewController.swift */ = {isa = PBXFileReference; fileEncoding = 4; lastKnownFileType = sourcecode.swift; path = CustomAlertViewController.swift; sourceTree = "<group>"; };
		3276A7D1197A066200568EFF /* CustomAlertViewTransitioner.swift */ = {isa = PBXFileReference; fileEncoding = 4; lastKnownFileType = sourcecode.swift; path = CustomAlertViewTransitioner.swift; sourceTree = "<group>"; };
		32CCF11D187DCEA4009ED52A /* CustomAlertViewDemo.app */ = {isa = PBXFileReference; explicitFileType = wrapper.application; includeInIndex = 0; path = CustomAlertViewDemo.app; sourceTree = BUILT_PRODUCTS_DIR; };
		32CCF128187DCEA4009ED52A /* CustomAlertViewDemo-Info.plist */ = {isa = PBXFileReference; lastKnownFileType = text.plist.xml; path = "CustomAlertViewDemo-Info.plist"; sourceTree = "<group>"; };
		32CCF133187DCEA4009ED52A /* Base */ = {isa = PBXFileReference; lastKnownFileType = file.storyboard; name = Base; path = Base.lproj/Main.storyboard; sourceTree = "<group>"; };
		32CCF138187DCEA4009ED52A /* Assets.xcassets */ = {isa = PBXFileReference; lastKnownFileType = folder.assetcatalog; path = Assets.xcassets; sourceTree = "<group>"; };
		32CCF155187DCF0E009ED52A /* smileybignew.png */ = {isa = PBXFileReference; lastKnownFileType = image.png; path = smileybignew.png; sourceTree = "<group>"; };
		32CCF159187DCFA6009ED52A /* CustomAlertViewController.xib */ = {isa = PBXFileReference; fileEncoding = 4; lastKnownFileType = file.xib; path = CustomAlertViewController.xib; sourceTree = "<group>"; };
		3F59C0A42EE8F6CB0056C273 /* SceneDelegate.swift */ = {isa = PBXFileReference; lastKnownFileType = sourcecode.swift; path = SceneDelegate.swift; sourceTree = "<group>"; };
/* End PBXFileReference section */

/* Begin PBXFrameworksBuildPhase section */
		32CCF11A187DCEA4009ED52A /* Frameworks */ = {
			isa = PBXFrameworksBuildPhase;
			buildActionMask = 2147483647;
			files = (
			);
			runOnlyForDeploymentPostprocessing = 0;
		};
/* End PBXFrameworksBuildPhase section */

/* Begin PBXGroup section */
		32CCF114187DCEA4009ED52A = {
			isa = PBXGroup;
			children = (
				32CCF126187DCEA4009ED52A /* CustomAlertViewDemo */,
				32CCF11E187DCEA4009ED52A /* Products */,
			);
			sourceTree = "<group>";
		};
		32CCF11E187DCEA4009ED52A /* Products */ = {
			isa = PBXGroup;
			children = (
				32CCF11D187DCEA4009ED52A /* CustomAlertViewDemo.app */,
			);
			name = Products;
			sourceTree = "<group>";
		};
		32CCF126187DCEA4009ED52A /* CustomAlertViewDemo */ = {
			isa = PBXGroup;
			children = (
				32CCF132187DCEA4009ED52A /* Main.storyboard */,
				3232610C1B6AD25F0008EC29 /* AppDelegate.swift */,
				3F59C0A42EE8F6CB0056C273 /* SceneDelegate.swift */,
				3232610E1B6AD2970008EC29 /* ViewController.swift */,
				3276A7CF197A040B00568EFF /* CustomAlertViewController.swift */,
				32CCF159187DCFA6009ED52A /* CustomAlertViewController.xib */,
				3276A7D1197A066200568EFF /* CustomAlertViewTransitioner.swift */,
				32CCF155187DCF0E009ED52A /* smileybignew.png */,
				32CCF138187DCEA4009ED52A /* Assets.xcassets */,
				3232610A1B6AD23E0008EC29 /* LaunchScreen.storyboard */,
				32CCF128187DCEA4009ED52A /* CustomAlertViewDemo-Info.plist */,
			);
			path = CustomAlertViewDemo;
			sourceTree = "<group>";
		};
/* End PBXGroup section */

/* Begin PBXNativeTarget section */
		32CCF11C187DCEA4009ED52A /* CustomAlertViewDemo */ = {
			isa = PBXNativeTarget;
			buildConfigurationList = 32CCF14F187DCEA4009ED52A /* Build configuration list for PBXNativeTarget "CustomAlertViewDemo" */;
			buildPhases = (
				32CCF119187DCEA4009ED52A /* Sources */,
				32CCF11A187DCEA4009ED52A /* Frameworks */,
				32CCF11B187DCEA4009ED52A /* Resources */,
			);
			buildRules = (
			);
			dependencies = (
			);
			name = CustomAlertViewDemo;
			productName = CustomAlertViewDemo;
			productReference = 32CCF11D187DCEA4009ED52A /* CustomAlertViewDemo.app */;
			productType = "com.apple.product-type.application";
		};
/* End PBXNativeTarget section */

/* Begin PBXProject section */
		32CCF115187DCEA4009ED52A /* Project object */ = {
			isa = PBXProject;
			attributes = {
				BuildIndependentTargetsInParallel = YES;
				LastSwiftUpdateCheck = 0700;
				LastUpgradeCheck = 2610;
				ORGANIZATIONNAME = "Matt Neuburg";
				TargetAttributes = {
					32CCF11C187DCEA4009ED52A = {
						LastSwiftMigration = 1010;
					};
				};
			};
			buildConfigurationList = 32CCF118187DCEA4009ED52A /* Build configuration list for PBXProject "CustomAlertViewDemo" */;
			compatibilityVersion = "Xcode 3.2";
			developmentRegion = en;
			hasScannedForEncodings = 0;
			knownRegions = (
				en,
				Base,
			);
			mainGroup = 32CCF114187DCEA4009ED52A;
			productRefGroup = 32CCF11E187DCEA4009ED52A /* Products */;
			projectDirPath = "";
			projectRoot = "";
			targets = (
				32CCF11C187DCEA4009ED52A /* CustomAlertViewDemo */,
			);
		};
/* End PBXProject section */

/* Begin PBXResourcesBuildPhase section */
		32CCF11B187DCEA4009ED52A /* Resources */ = {
			isa = PBXResourcesBuildPhase;
			buildActionMask = 2147483647;
			files = (
				32CCF15B187DCFA6009ED52A /* CustomAlertViewController.xib in Resources */,
				32CCF139187DCEA4009ED52A /* Assets.xcassets in Resources */,
				32CCF156187DCF0E009ED52A /* smileybignew.png in Resources */,
				3232610B1B6AD23E0008EC29 /* LaunchScreen.storyboard in Resources */,
				32CCF134187DCEA4009ED52A /* Main.storyboard in Resources */,
			);
			runOnlyForDeploymentPostprocessing = 0;
		};
/* End PBXResourcesBuildPhase section */

/* Begin PBXSourcesBuildPhase section */
		32CCF119187DCEA4009ED52A /* Sources */ = {
			isa = PBXSourcesBuildPhase;
			buildActionMask = 2147483647;
			files = (
				3F59C0A52EE8F6CF0056C273 /* SceneDelegate.swift in Sources */,
				3232610D1B6AD25F0008EC29 /* AppDelegate.swift in Sources */,
				3276A7D0197A040B00568EFF /* CustomAlertViewController.swift in Sources */,
				3232610F1B6AD2970008EC29 /* ViewController.swift in Sources */,
				3276A7D2197A066200568EFF /* CustomAlertViewTransitioner.swift in Sources */,
			);
			runOnlyForDeploymentPostprocessing = 0;
		};
/* End PBXSourcesBuildPhase section */

/* Begin PBXVariantGroup section */
		32CCF132187DCEA4009ED52A /* Main.storyboard */ = {
			isa = PBXVariantGroup;
			children = (
				32CCF133187DCEA4009ED52A /* Base */,
			);
			name = Main.storyboard;
			sourceTree = "<group>";
		};
/* End PBXVariantGroup section */

/* Begin XCBuildConfiguration section */
		32CCF14D187DCEA4009ED52A /* Debug */ = {
			isa = XCBuildConfiguration;
			buildSettings = {
				ALWAYS_SEARCH_USER_PATHS = NO;
				CLANG_ANALYZER_LOCALIZABILITY_NONLOCALIZED = YES;
				CLANG_CXX_LANGUAGE_STANDARD = "gnu++0x";
				CLANG_CXX_LIBRARY = "libc++";
				CLANG_ENABLE_MODULES = YES;
				CLANG_ENABLE_OBJC_ARC = YES;
				CLANG_WARN_BLOCK_CAPTURE_AUTORELEASING = YES;
				CLANG_WARN_BOOL_CONVERSION = YES;
				CLANG_WARN_COMMA = YES;
				CLANG_WARN_CONSTANT_CONVERSION = YES;
				CLANG_WARN_DEPRECATED_OBJC_IMPLEMENTATIONS = YES;
				CLANG_WARN_DIRECT_OBJC_ISA_USAGE = YES_ERROR;
				CLANG_WARN_EMPTY_BODY = YES;
				CLANG_WARN_ENUM_CONVERSION = YES;
				CLANG_WARN_INFINITE_RECURSION = YES;
				CLANG_WARN_INT_CONVERSION = YES;
				CLANG_WARN_NON_LITERAL_NULL_CONVERSION = YES;
				CLANG_WARN_OBJC_IMPLICIT_RETAIN_SELF = YES;
				CLANG_WARN_OBJC_LITERAL_CONVERSION = YES;
				CLANG_WARN_OBJC_ROOT_CLASS = YES_ERROR;
				CLANG_WARN_QUOTED_INCLUDE_IN_FRAMEWORK_HEADER = YES;
				CLANG_WARN_RANGE_LOOP_ANALYSIS = YES;
				CLANG_WARN_STRICT_PROTOTYPES = YES;
				CLANG_WARN_SUSPICIOUS_MOVE = YES;
				CLANG_WARN_UNREACHABLE_CODE = YES;
				CLANG_WARN__DUPLICATE_METHOD_MATCH = YES;
				"CODE_SIGN_IDENTITY[sdk=iphoneos*]" = "iPhone Developer";
				COPY_PHASE_STRIP = NO;
				DEVELOPMENT_TEAM = W3LHX5RGV2;
				ENABLE_STRICT_OBJC_MSGSEND = YES;
				ENABLE_TESTABILITY = YES;
				ENABLE_USER_SCRIPT_SANDBOXING = YES;
				GCC_C_LANGUAGE_STANDARD = gnu99;
				GCC_DYNAMIC_NO_PIC = NO;
				GCC_NO_COMMON_BLOCKS = YES;
				GCC_OPTIMIZATION_LEVEL = 0;
				GCC_PREPROCESSOR_DEFINITIONS = (
					"DEBUG=1",
					"$(inherited)",
				);
				GCC_SYMBOLS_PRIVATE_EXTERN = NO;
				GCC_WARN_64_TO_32_BIT_CONVERSION = YES;
				GCC_WARN_ABOUT_RETURN_TYPE = YES_ERROR;
				GCC_WARN_UNDECLARED_SELECTOR = YES;
				GCC_WARN_UNINITIALIZED_AUTOS = YES_AGGRESSIVE;
				GCC_WARN_UNUSED_FUNCTION = YES;
				GCC_WARN_UNUSED_VARIABLE = YES;
				IPHONEOS_DEPLOYMENT_TARGET = 26.0;
				ONLY_ACTIVE_ARCH = YES;
				SDKROOT = iphoneos;
				STRING_CATALOG_GENERATE_SYMBOLS = YES;
			};
			name = Debug;
		};
		32CCF14E187DCEA4009ED52A /* Release */ = {
			isa = XCBuildConfiguration;
			buildSettings = {
				ALWAYS_SEARCH_USER_PATHS = NO;
				CLANG_ANALYZER_LOCALIZABILITY_NONLOCALIZED = YES;
				CLANG_CXX_LANGUAGE_STANDARD = "gnu++0x";
				CLANG_CXX_LIBRARY = "libc++";
				CLANG_ENABLE_MODULES = YES;
				CLANG_ENABLE_OBJC_ARC = YES;
				CLANG_WARN_BLOCK_CAPTURE_AUTORELEASING = YES;
				CLANG_WARN_BOOL_CONVERSION = YES;
				CLANG_WARN_COMMA = YES;
				CLANG_WARN_CONSTANT_CONVERSION = YES;
				CLANG_WARN_DEPRECATED_OBJC_IMPLEMENTATIONS = YES;
				CLANG_WARN_DIRECT_OBJC_ISA_USAGE = YES_ERROR;
				CLANG_WARN_EMPTY_BODY = YES;
				CLANG_WARN_ENUM_CONVERSION = YES;
				CLANG_WARN_INFINITE_RECURSION = YES;
				CLANG_WARN_INT_CONVERSION = YES;
				CLANG_WARN_NON_LITERAL_NULL_CONVERSION = YES;
				CLANG_WARN_OBJC_IMPLICIT_RETAIN_SELF = YES;
				CLANG_WARN_OBJC_LITERAL_CONVERSION = YES;
				CLANG_WARN_OBJC_ROOT_CLASS = YES_ERROR;
				CLANG_WARN_QUOTED_INCLUDE_IN_FRAMEWORK_HEADER = YES;
				CLANG_WARN_RANGE_LOOP_ANALYSIS = YES;
				CLANG_WARN_STRICT_PROTOTYPES = YES;
				CLANG_WARN_SUSPICIOUS_MOVE = YES;
				CLANG_WARN_UNREACHABLE_CODE = YES;
				CLANG_WARN__DUPLICATE_METHOD_MATCH = YES;
				"CODE_SIGN_IDENTITY[sdk=iphoneos*]" = "iPhone Developer";
				COPY_PHASE_STRIP = YES;
				DEVELOPMENT_TEAM = W3LHX5RGV2;
				ENABLE_NS_ASSERTIONS = NO;
				ENABLE_STRICT_OBJC_MSGSEND = YES;
				ENABLE_USER_SCRIPT_SANDBOXING = YES;
				GCC_C_LANGUAGE_STANDARD = gnu99;
				GCC_NO_COMMON_BLOCKS = YES;
				GCC_WARN_64_TO_32_BIT_CONVERSION = YES;
				GCC_WARN_ABOUT_RETURN_TYPE = YES_ERROR;
				GCC_WARN_UNDECLARED_SELECTOR = YES;
				GCC_WARN_UNINITIALIZED_AUTOS = YES_AGGRESSIVE;
				GCC_WARN_UNUSED_FUNCTION = YES;
				GCC_WARN_UNUSED_VARIABLE = YES;
				IPHONEOS_DEPLOYMENT_TARGET = 26.0;
				SDKROOT = iphoneos;
				STRING_CATALOG_GENERATE_SYMBOLS = YES;
				SWIFT_COMPILATION_MODE = wholemodule;
				VALIDATE_PRODUCT = YES;
			};
			name = Release;
		};
		32CCF150187DCEA4009ED52A /* Debug */ = {
			isa = XCBuildConfiguration;
			buildSettings = {
				ASSETCATALOG_COMPILER_APPICON_NAME = AppIcon;
				CLANG_ENABLE_MODULES = YES;
				GCC_PRECOMPILE_PREFIX_HEADER = YES;
				GCC_PREFIX_HEADER = "CustomAlertViewDemo/CustomAlertViewDemo-Prefix.pch";
				INFOPLIST_FILE = "CustomAlertViewDemo/CustomAlertViewDemo-Info.plist";
				LD_RUNPATH_SEARCH_PATHS = (
					"$(inherited)",
					"@executable_path/Frameworks",
				);
				PRODUCT_BUNDLE_IDENTIFIER = "com.neuburg.matt.${PRODUCT_NAME:rfc1034identifier}";
				PRODUCT_NAME = "$(TARGET_NAME)";
				SWIFT_APPROACHABLE_CONCURRENCY = YES;
				SWIFT_DEFAULT_ACTOR_ISOLATION = MainActor;
				SWIFT_OBJC_BRIDGING_HEADER = "";
				SWIFT_OPTIMIZATION_LEVEL = "-Onone";
				SWIFT_VERSION = 6.0;
				WRAPPER_EXTENSION = app;
			};
			name = Debug;
		};
		32CCF151187DCEA4009ED52A /* Release */ = {
			isa = XCBuildConfiguration;
			buildSettings = {
				ASSETCATALOG_COMPILER_APPICON_NAME = AppIcon;
				CLANG_ENABLE_MODULES = YES;
				GCC_PRECOMPILE_PREFIX_HEADER = YES;
				GCC_PREFIX_HEADER = "CustomAlertViewDemo/CustomAlertViewDemo-Prefix.pch";
				INFOPLIST_FILE = "CustomAlertViewDemo/CustomAlertViewDemo-Info.plist";
				LD_RUNPATH_SEARCH_PATHS = (
					"$(inherited)",
					"@executable_path/Frameworks",
				);
				PRODUCT_BUNDLE_IDENTIFIER = "com.neuburg.matt.${PRODUCT_NAME:rfc1034identifier}";
				PRODUCT_NAME = "$(TARGET_NAME)";
				SWIFT_APPROACHABLE_CONCURRENCY = YES;
				SWIFT_DEFAULT_ACTOR_ISOLATION = MainActor;
				SWIFT_OBJC_BRIDGING_HEADER = "";
				SWIFT_VERSION = 6.0;
				WRAPPER_EXTENSION = app;
			};
			name = Release;
		};
/* End XCBuildConfiguration section */

/* Begin XCConfigurationList section */
		32CCF118187DCEA4009ED52A /* Build configuration list for PBXProject "CustomAlertViewDemo" */ = {
			isa = XCConfigurationList;
			buildConfigurations = (
				32CCF14D187DCEA4009ED52A /* Debug */,
				32CCF14E187DCEA4009ED52A /* Release */,
			);
			defaultConfigurationIsVisible = 0;
			defaultConfigurationName = Release;
		};
		32CCF14F187DCEA4009ED52A /* Build configuration list for PBXNativeTarget "CustomAlertViewDemo" */ = {
			isa = XCConfigurationList;
			buildConfigurations = (
				32CCF150187DCEA4009ED52A /* Debug */,
				32CCF151187DCEA4009ED52A /* Release */,
			);
			defaultConfigurationIsVisible = 0;
			defaultConfigurationName = Release;
		};
/* End XCConfigurationList section */
	};
	rootObject = 32CCF115187DCEA4009ED52A /* Project object */;
}
